
Microsoft Visual Studio Solution File, Format Version 12.00
# Visual Studio Version 17
VisualStudioVersion = 17.4.33110.190
MinimumVisualStudioVersion = 10.0.40219.1
Project("{FAE04EC0-301F-11D3-BF4B-00C04F79EFBC}") = "FfmpegBatchLoader", "FfmpegBatchLoader\FfmpegBatchLoader.csproj", "{D5C84F68-15E6-4303-9362-3F84F450B7F0}"
EndProject
Global
	GlobalSection(SolutionConfigurationPlatforms) = preSolution
		Debug|Any CPU = Debug|Any CPU
		Release|Any CPU = Release|Any CPU
	EndGlobalSection
	GlobalSection(ProjectConfigurationPlatforms) = postSolution
		{D5C84F68-15E6-4303-9362-3F84F450B7F0}.Debug|Any CPU.ActiveCfg = Debug|Any CPU
		{D5C84F68-15E6-4303-9362-3F84F450B7F0}.Debug|Any CPU.Build.0 = Debug|Any CPU
		{D5C84F68-15E6-4303-9362-3F84F450B7F0}.Release|Any CPU.ActiveCfg = Release|Any CPU
		{D5C84F68-15E6-4303-9362-3F84F450B7F0}.Release|Any CPU.Build.0 = Release|Any CPU
	EndGlobalSection
	GlobalSection(SolutionProperties) = preSolution
		HideSolutionNode = FALSE
	EndGlobalSection
	GlobalSection(ExtensibilityGlobals) = postSolution
		SolutionGuid = {0C41060E-AA4B-4FE0-8DDF-DA957DD584DC}
	EndGlobalSection
EndGlobal
